
Microsoft Visual Studio Solution File, Format Version 12.00
# Visual Studio 15
VisualStudioVersion = 15.0.28307.1321
MinimumVisualStudioVersion = 10.0.40219.1
Project("{FAE04EC0-301F-11D3-BF4B-00C04F79EFBC}") = "TestMVVM.Android", "TestMVVM\TestMVVM.Android\TestMVVM.Android.csproj", "{A7DBC5F3-FEB0-4522-B0D0-FE07EB8F2416}"
EndProject
Project("{FAE04EC0-301F-11D3-BF4B-00C04F79EFBC}") = "TestMVVM.UWP", "TestMVVM\TestMVVM.UWP\TestMVVM.UWP.csproj", "{311F911B-6626-409D-8E5E-BB9B88C219B8}"
EndProject
Project("{FAE04EC0-301F-11D3-BF4B-00C04F79EFBC}") = "TestMVVM", "TestMVVM\TestMVVM\TestMVVM.csproj", "{5A070A00-342B-449D-8640-82F1DE31A981}"
EndProject
Global
	GlobalSection(SolutionConfigurationPlatforms) = preSolution
		Debug|Any CPU = Debug|Any CPU
		Debug|ARM = Debug|ARM
		Debug|x64 = Debug|x64
		Debug|x86 = Debug|x86
		Release|Any CPU = Release|Any CPU
		Release|ARM = Release|ARM
		Release|x64 = Release|x64
		Release|x86 = Release|x86
	EndGlobalSection
	GlobalSection(ProjectConfigurationPlatforms) = postSolution
		{A7DBC5F3-FEB0-4522-B0D0-FE07EB8F2416}.Debug|Any CPU.ActiveCfg = Debug|Any CPU
		{A7DBC5F3-FEB0-4522-B0D0-FE07EB8F2416}.Debug|Any CPU.Build.0 = Debug|Any CPU
		{A7DBC5F3-FEB0-4522-B0D0-FE07EB8F2416}.Debug|Any CPU.Deploy.0 = Debug|Any CPU
		{A7DBC5F3-FEB0-4522-B0D0-FE07EB8F2416}.Debug|ARM.ActiveCfg = Debug|Any CPU
		{A7DBC5F3-FEB0-4522-B0D0-FE07EB8F2416}.Debug|ARM.Build.0 = Debug|Any CPU
		{A7DBC5F3-FEB0-4522-B0D0-FE07EB8F2416}.Debug|ARM.Deploy.0 = Debug|Any CPU
		{A7DBC5F3-FEB0-4522-B0D0-FE07EB8F2416}.Debug|x64.ActiveCfg = Debug|Any CPU
		{A7DBC5F3-FEB0-4522-B0D0-FE07EB8F2416}.Debug|x64.Build.0 = Debug|Any CPU
		{A7DBC5F3-FEB0-4522-B0D0-FE07EB8F2416}.Debug|x64.Deploy.0 = Debug|Any CPU
		{A7DBC5F3-FEB0-4522-B0D0-FE07EB8F2416}.Debug|x86.ActiveCfg = Debug|Any CPU
		{A7DBC5F3-FEB0-4522-B0D0-FE07EB8F2416}.Debug|x86.Build.0 = Debug|Any CPU
		{A7DBC5F3-FEB0-4522-B0D0-FE07EB8F2416}.Debug|x86.Deploy.0 = Debug|Any CPU
		{A7DBC5F3-FEB0-4522-B0D0-FE07EB8F2416}.Release|Any CPU.ActiveCfg = Release|Any CPU
		{A7DBC5F3-FEB0-4522-B0D0-FE07EB8F2416}.Release|Any CPU.Build.0 = Release|Any CPU
		{A7DBC5F3-FEB0-4522-B0D0-FE07EB8F2416}.Release|Any CPU.Deploy.0 = Release|Any CPU
		{A7DBC5F3-FEB0-4522-B0D0-FE07EB8F2416}.Release|ARM.ActiveCfg = Release|Any CPU
		{A7DBC5F3-FEB0-4522-B0D0-FE07EB8F2416}.Release|ARM.Build.0 = Release|Any CPU
		{A7DBC5F3-FEB0-4522-B0D0-FE07EB8F2416}.Release|ARM.Deploy.0 = Release|Any CPU
		{A7DBC5F3-FEB0-4522-B0D0-FE07EB8F2416}.Release|x64.ActiveCfg = Release|Any CPU
		{A7DBC5F3-FEB0-4522-B0D0-FE07EB8F2416}.Release|x64.Build.0 = Release|Any CPU
		{A7DBC5F3-FEB0-4522-B0D0-FE07EB8F2416}.Release|x64.Deploy.0 = Release|Any CPU
		{A7DBC5F3-FEB0-4522-B0D0-FE07EB8F2416}.Release|x86.ActiveCfg = Release|Any CPU
		{A7DBC5F3-FEB0-4522-B0D0-FE07EB8F2416}.Release|x86.Build.0 = Release|Any CPU
		{A7DBC5F3-FEB0-4522-B0D0-FE07EB8F2416}.Release|x86.Deploy.0 = Release|Any CPU
		{311F911B-6626-409D-8E5E-BB9B88C219B8}.Debug|Any CPU.ActiveCfg = Debug|x86
		{311F911B-6626-409D-8E5E-BB9B88C219B8}.Debug|Any CPU.Build.0 = Debug|x86
		{311F911B-6626-409D-8E5E-BB9B88C219B8}.Debug|Any CPU.Deploy.0 = Debug|x86
		{311F911B-6626-409D-8E5E-BB9B88C219B8}.Debug|ARM.ActiveCfg = Debug|ARM
		{311F911B-6626-409D-8E5E-BB9B88C219B8}.Debug|ARM.Build.0 = Debug|ARM
		{311F911B-6626-409D-8E5E-BB9B88C219B8}.Debug|ARM.Deploy.0 = Debug|ARM
		{311F911B-6626-409D-8E5E-BB9B88C219B8}.Debug|x64.ActiveCfg = Debug|x64
		{311F911B-6626-409D-8E5E-BB9B88C219B8}.Debug|x64.Build.0 = Debug|x64
		{311F911B-6626-409D-8E5E-BB9B88C219B8}.Debug|x64.Deploy.0 = Debug|x64
		{311F911B-6626-409D-8E5E-BB9B88C219B8}.Debug|x86.ActiveCfg = Debug|x86
		{311F911B-6626-409D-8E5E-BB9B88C219B8}.Debug|x86.Build.0 = Debug|x86
		{311F911B-6626-409D-8E5E-BB9B88C219B8}.Debug|x86.Deploy.0 = Debug|x86
		{311F911B-6626-409D-8E5E-BB9B88C219B8}.Release|Any CPU.ActiveCfg = Release|x86
		{311F911B-6626-409D-8E5E-BB9B88C219B8}.Release|Any CPU.Build.0 = Release|x86
		{311F911B-6626-409D-8E5E-BB9B88C219B8}.Release|Any CPU.Deploy.0 = Release|x86
		{311F911B-6626-409D-8E5E-BB9B88C219B8}.Release|ARM.ActiveCfg = Release|ARM
		{311F911B-6626-409D-8E5E-BB9B88C219B8}.Release|ARM.Build.0 = Release|ARM
		{311F911B-6626-409D-8E5E-BB9B88C219B8}.Release|ARM.Deploy.0 = Release|ARM
		{311F911B-6626-409D-8E5E-BB9B88C219B8}.Release|x64.ActiveCfg = Release|x64
		{311F911B-6626-409D-8E5E-BB9B88C219B8}.Release|x64.Build.0 = Release|x64
		{311F911B-6626-409D-8E5E-BB9B88C219B8}.Release|x64.Deploy.0 = Release|x64
		{311F911B-6626-409D-8E5E-BB9B88C219B8}.Release|x86.ActiveCfg = Release|x86
		{311F911B-6626-409D-8E5E-BB9B88C219B8}.Release|x86.Build.0 = Release|x86
		{311F911B-6626-409D-8E5E-BB9B88C219B8}.Release|x86.Deploy.0 = Release|x86
		{5A070A00-342B-449D-8640-82F1DE31A981}.Debug|Any CPU.ActiveCfg = Debug|Any CPU
		{5A070A00-342B-449D-8640-82F1DE31A981}.Debug|Any CPU.Build.0 = Debug|Any CPU
		{5A070A00-342B-449D-8640-82F1DE31A981}.Debug|Any CPU.Deploy.0 = Debug|Any CPU
		{5A070A00-342B-449D-8640-82F1DE31A981}.Debug|ARM.ActiveCfg = Debug|Any CPU
		{5A070A00-342B-449D-8640-82F1DE31A981}.Debug|ARM.Build.0 = Debug|Any CPU
		{5A070A00-342B-449D-8640-82F1DE31A981}.Debug|ARM.Deploy.0 = Debug|Any CPU
		{5A070A00-342B-449D-8640-82F1DE31A981}.Debug|x64.ActiveCfg = Debug|Any CPU
		{5A070A00-342B-449D-8640-82F1DE31A981}.Debug|x64.Build.0 = Debug|Any CPU
		{5A070A00-342B-449D-8640-82F1DE31A981}.Debug|x64.Deploy.0 = Debug|Any CPU
		{5A070A00-342B-449D-8640-82F1DE31A981}.Debug|x86.ActiveCfg = Debug|Any CPU
		{5A070A00-342B-449D-8640-82F1DE31A981}.Debug|x86.Build.0 = Debug|Any CPU
		{5A070A00-342B-449D-8640-82F1DE31A981}.Debug|x86.Deploy.0 = Debug|Any CPU
		{5A070A00-342B-449D-8640-82F1DE31A981}.Release|Any CPU.ActiveCfg = Release|Any CPU
		{5A070A00-342B-449D-8640-82F1DE31A981}.Release|Any CPU.Build.0 = Release|Any CPU
		{5A070A00-342B-449D-8640-82F1DE31A981}.Release|Any CPU.Deploy.0 = Release|Any CPU
		{5A070A00-342B-449D-8640-82F1DE31A981}.Release|ARM.ActiveCfg = Release|Any CPU
		{5A070A00-342B-449D-8640-82F1DE31A981}.Release|ARM.Build.0 = Release|Any CPU
		{5A070A00-342B-449D-8640-82F1DE31A981}.Release|ARM.Deploy.0 = Release|Any CPU
		{5A070A00-342B-449D-8640-82F1DE31A981}.Release|x64.ActiveCfg = Release|Any CPU
		{5A070A00-342B-449D-8640-82F1DE31A981}.Release|x64.Build.0 = Release|Any CPU
		{5A070A00-342B-449D-8640-82F1DE31A981}.Release|x64.Deploy.0 = Release|Any CPU
		{5A070A00-342B-449D-8640-82F1DE31A981}.Release|x86.ActiveCfg = Release|Any CPU
		{5A070A00-342B-449D-8640-82F1DE31A981}.Release|x86.Build.0 = Release|Any CPU
		{5A070A00-342B-449D-8640-82F1DE31A981}.Release|x86.Deploy.0 = Release|Any CPU
	EndGlobalSection
	GlobalSection(SolutionProperties) = preSolution
		HideSolutionNode = FALSE
	EndGlobalSection
	GlobalSection(ExtensibilityGlobals) = postSolution
		SolutionGuid = {7D3F5913-FC99-4B77-8643-3151F97D4528}
	EndGlobalSection
EndGlobal
